<?xml version="1.0" encoding="utf-8"?>
<Project ToolsVersion="4.0" xmlns="http://schemas.microsoft.com/developer/msbuild/2003">
  <ItemGroup>
    <Filter Include="Criston">
      <UniqueIdentifier>{47B4D63A-B393-55D6-BCAB-E0AC280ABC37}</UniqueIdentifier>
    </Filter>
    <Filter Include="Criston\Events">
      <UniqueIdentifier>{4BEA7B89-37B8-6F8F-204C-E0B50CB94BF4}</UniqueIdentifier>
    </Filter>
  </ItemGroup>
  <ItemGroup>
    <ClInclude Include="src\Criston.h" />
    <ClInclude Include="src\Criston\Application.h">
      <Filter>Criston</Filter>
    </ClInclude>
    <ClInclude Include="src\Criston\Core.h">
      <Filter>Criston</Filter>
    </ClInclude>
    <ClInclude Include="src\Criston\EntryPoint.h">
      <Filter>Criston</Filter>
    </ClInclude>
    <ClInclude Include="src\Criston\Events\ApplicationEvent.h">
      <Filter>Criston\Events</Filter>
    </ClInclude>
    <ClInclude Include="src\Criston\Events\Event.h">
      <Filter>Criston\Events</Filter>
    </ClInclude>
    <ClInclude Include="src\Criston\Events\KeyEvent.h">
      <Filter>Criston\Events</Filter>
    </ClInclude>
    <ClInclude Include="src\Criston\Events\MouseEvent.h">
      <Filter>Criston\Events</Filter>
    </ClInclude>
    <ClInclude Include="src\Criston\Log.h">
      <Filter>Criston</Filter>
    </ClInclude>
    <ClInclude Include="src\cspch.h" />
  </ItemGroup>
  <ItemGroup>
    <ClCompile Include="src\Criston\Application.cpp">
      <Filter>Criston</Filter>
    </ClCompile>
    <ClCompile Include="src\Criston\Log.cpp">
      <Filter>Criston</Filter>
    </ClCompile>
    <ClCompile Include="src\cspch.cpp" />
  </ItemGroup>
</Project>